{
    "_readme": [
        "This file locks the dependencies of your project to a known state",
        "Read more about it at https://getcomposer.org/doc/01-basic-usage.md#installing-dependencies",
        "This file is @generated automatically"
    ],
    "content-hash": "39d18487fda0792bc6d9517f079e9e45",
    "packages": [
        {
            "name": "fabianobn/ekko-lightbox",
            "version": "dev-master",
            "source": {
                "type": "git",
                "url": "https://github.com/fabianobn/ekko-lightbox.git",
                "reference": "a12102c8913e1b28da086d4072cfdcaa2ce2c92d"
            },
            "dist": {
                "type": "zip",
                "url": "https://api.github.com/repos/fabianobn/ekko-lightbox/zipball/a12102c8913e1b28da086d4072cfdcaa2ce2c92d",
                "reference": "a12102c8913e1b28da086d4072cfdcaa2ce2c92d",
                "shasum": ""
            },
            "type": "library",
            "extra": {
                "vendor": {
                    "scripts": [
                        "dist/ekko-lightbox.js",
                        "dist/ekko-lightbox.min.js"
                    ],
                    "styles": [
                        "dist/ekko-lightbox.css"
                    ],
                    "files": [
                        "dist/ekko-lightbox.min.js.map",
                        "dist/ekko-lightbox.js.map"
                    ]
                }
            },
            "notification-url": "https://packagist.org/downloads/",
            "license": [
                "MIT"
            ],
            "authors": [
                {
                    "name": "ashleydw",
                    "email": "hello@ashleyd.ws"
                }
            ],
            "description": "A lightbox gallery plugin for Bootstrap 4 based on the modal plugin",
            "homepage": "https://github.com/ashleydw/lightbox",
            "keywords": [
                "bootstrap",
                "gallery",
                "jquery",
                "lightbox",
                "modal"
            ],
            "time": "2018-12-21T18:09:49+00:00"
        },
        {
            "name": "fabianobn/slick",
            "version": "v1.8.2",
            "source": {
                "type": "git",
                "url": "https://github.com/fabianobn/slick.git",
                "reference": "62bacb288031d1e370327e0e2aa3c8a582e1d040"
            },
            "dist": {
                "type": "zip",
                "url": "https://api.github.com/repos/fabianobn/slick/zipball/62bacb288031d1e370327e0e2aa3c8a582e1d040",
                "reference": "62bacb288031d1e370327e0e2aa3c8a582e1d040",
                "shasum": ""
            },
            "type": "library",
            "notification-url": "https://packagist.org/downloads/",
            "description": "This is the atualized Slick Slider used in Wordpress",
            "time": "2018-06-29T17:54:50+00:00"
        },
        {
            "name": "twbs/bootstrap",
            "version": "v4.2.0",
            "source": {
                "type": "git",
                "url": "https://github.com/twbs/bootstrap.git",
                "reference": "d50ed9a2bde22067c0e5f21d1614e477e362165a"
            },
            "dist": {
                "type": "zip",
                "url": "https://api.github.com/repos/twbs/bootstrap/zipball/d50ed9a2bde22067c0e5f21d1614e477e362165a",
                "reference": "d50ed9a2bde22067c0e5f21d1614e477e362165a",
                "shasum": ""
            },
            "replace": {
                "twitter/bootstrap": "self.version"
            },
            "type": "library",
            "extra": {
                "branch-alias": {
                    "dev-master": "3.3.x-dev"
                }
            },
            "notification-url": "https://packagist.org/downloads/",
            "license": [
                "MIT"
            ],
            "authors": [
                {
                    "name": "Jacob Thornton",
                    "email": "jacobthornton@gmail.com"
                },
                {
                    "name": "Mark Otto",
                    "email": "markdotto@gmail.com"
                }
            ],
            "description": "The most popular front-end framework for developing responsive, mobile first projects on the web.",
            "homepage": "https://getbootstrap.com/",
            "keywords": [
                "JS",
                "css",
                "framework",
                "front-end",
                "mobile-first",
                "responsive",
                "sass",
                "web"
            ],
            "time": "2018-12-21T17:03:29+00:00"
        }
    ],
    "packages-dev": [],
    "aliases": [],
    "minimum-stability": "stable",
    "stability-flags": {
        "fabianobn/ekko-lightbox": 20
    },
    "prefer-stable": false,
    "prefer-lowest": false,
    "platform": [],
    "platform-dev": []
}
